Microsoft Visual Studio Solution File, Format Version 12.00
# Visual Studio Version 17
VisualStudioVersion = 17.5.2.0
MinimumVisualStudioVersion = 10.0.40219.1
Project("{FAE04EC0-301F-11D3-BF4B-00C04F79EFBC}") = "CompetitivePuckTweaks", "CompetitivePuckTweaks.csproj", "{A1D591E8-44B2-583B-E992-CB84C39E6E67}"
EndProject
Global
	GlobalSection(SolutionConfigurationPlatforms) = preSolution
		Debug|Any CPU = Debug|Any CPU
		Release|Any CPU = Release|Any CPU
	EndGlobalSection
	GlobalSection(ProjectConfigurationPlatforms) = postSolution
		{A1D591E8-44B2-583B-E992-CB84C39E6E67}.Debug|Any CPU.ActiveCfg = Debug|Any CPU
		{A1D591E8-44B2-583B-E992-CB84C39E6E67}.Debug|Any CPU.Build.0 = Debug|Any CPU
		{A1D591E8-44B2-583B-E992-CB84C39E6E67}.Release|Any CPU.ActiveCfg = Release|Any CPU
		{A1D591E8-44B2-583B-E992-CB84C39E6E67}.Release|Any CPU.Build.0 = Release|Any CPU
	EndGlobalSection
	GlobalSection(SolutionProperties) = preSolution
		HideSolutionNode = FALSE
	EndGlobalSection
	GlobalSection(ExtensibilityGlobals) = postSolution
		SolutionGuid = {CE241C70-AA28-4551-823F-A7C640C66E34}
	EndGlobalSection
EndGlobal
